{
  "name": "csvjoin",
  "version": "1.0.0",
  "lockfileVersion": 1,
  "requires": true,
  "dependencies": {
    "@types/node": {
      "version": "10.12.18",
      "resolved": "https://registry.npmjs.org/@types/node/-/node-10.12.18.tgz",
      "integrity": "sha512-fh+pAqt4xRzPfqA6eh3Z2y6fyZavRIumvjhaCL753+TVkGKGhpPeyrJG2JftD0T9q4GF00KjefsQ+PQNDdWQaQ=="
    },
    "@types/papaparse": {
      "version": "4.5.7",
      "resolved": "https://registry.npmjs.org/@types/papaparse/-/papaparse-4.5.7.tgz",
      "integrity": "sha512-/mPhDdgOKfKltm9OAF5LSvaaiNLrvyP5sSXftH21gAJpHpTMUKp0+C9bqk1z+babnOFYjUGGalzcJSiIOejzZg==",
      "requires": {
        "@types/node": "10.12.18"
      }
    },
    "array-source": {
      "version": "0.0.4",
      "resolved": "https://registry.npmjs.org/array-source/-/array-source-0.0.4.tgz",
      "integrity": "sha512-frNdc+zBn80vipY+GdcJkLEbMWj3xmzArYApmUGxoiV8uAu/ygcs9icPdsGdA26h0MkHUMW6EN2piIvVx+M5Mw=="
    },
    "commander": {
      "version": "2.19.0",
      "resolved": "https://registry.npmjs.org/commander/-/commander-2.19.0.tgz",
      "integrity": "sha512-6tvAOO+D6OENvRAh524Dh9jcfKTYDQAqvqezbCW82xj5X0pSrcpxtvRKHLG0yBY6SD7PSDrJaj+0AiOcKVd1Xg=="
    },
    "d3-dsv": {
      "version": "1.0.10",
      "resolved": "https://registry.npmjs.org/d3-dsv/-/d3-dsv-1.0.10.tgz",
      "integrity": "sha512-vqklfpxmtO2ZER3fq/B33R/BIz3A1PV0FaZRuFM8w6jLo7sUX1BZDh73fPlr0s327rzq4H6EN1q9U+eCBCSN8g==",
      "requires": {
        "commander": "2.19.0",
        "iconv-lite": "0.4.24",
        "rw": "1.3.3"
      }
    },
    "d3-queue": {
      "version": "3.0.7",
      "resolved": "https://registry.npmjs.org/d3-queue/-/d3-queue-3.0.7.tgz",
      "integrity": "sha1-yTouVLQXwJWRKdfXP2z31Ckudhg="
    },
    "dbf": {
      "version": "0.1.4",
      "resolved": "https://registry.npmjs.org/dbf/-/dbf-0.1.4.tgz",
      "integrity": "sha1-Fi8Nj9HbN8l2RYrG/m9VtIxy9GY=",
      "requires": {
        "jdataview": "2.5.0"
      }
    },
    "deeks": {
      "version": "1.0.0",
      "resolved": "https://registry.npmjs.org/deeks/-/deeks-1.0.0.tgz",
      "integrity": "sha512-4HGx4c/HCv1ZYOU0/E/805uBCJEPrDadlBtqVvhkP2SypZXVfyT3Xqu7Q3Om1SmeWnOuMaHsRLpfTIa2rIT/jQ==",
      "dev": true,
      "requires": {
        "underscore": "1.9.1"
      },
      "dependencies": {
        "underscore": {
          "version": "1.9.1",
          "resolved": "https://registry.npmjs.org/underscore/-/underscore-1.9.1.tgz",
          "integrity": "sha512-5/4etnCkd9c8gwgowi5/om/mYO5ajCaOgdzj/oW+0eQV9WxKBDZw5+ycmKmeaTXjInS/W0BzpGLo2xR2aBwZdg==",
          "dev": true
        }
      }
    },
    "doc-path": {
      "version": "1.3.1",
      "resolved": "https://registry.npmjs.org/doc-path/-/doc-path-1.3.1.tgz",
      "integrity": "sha512-DCi52AvveWNVudfYAD49koA2chOXw7hHpr0lhgRrvUmynyD8wvTUYNXd+NITgQgEBd1qtzorPHhFij+GvI2PqA==",
      "dev": true
    },
    "file-source": {
      "version": "0.6.1",
      "resolved": "https://registry.npmjs.org/file-source/-/file-source-0.6.1.tgz",
      "integrity": "sha1-rhidSZN2a4Zad/g63Pm5pQTNN9w=",
      "requires": {
        "stream-source": "0.3.5"
      }
    },
    "iconv-lite": {
      "version": "0.4.24",
      "resolved": "https://registry.npmjs.org/iconv-lite/-/iconv-lite-0.4.24.tgz",
      "integrity": "sha512-v3MXnZAcvnywkTUEZomIActle7RXXeedOR31wwl7VlyoXO4Qi9arvSenNQWne1TcRwhCL1HwLI21bEqdpj8/rA==",
      "requires": {
        "safer-buffer": "2.1.2"
      }
    },
    "jdataview": {
      "version": "2.5.0",
      "resolved": "https://registry.npmjs.org/jdataview/-/jdataview-2.5.0.tgz",
      "integrity": "sha1-MIGz/qZR+TF+xr1P6y3cmKpB1ZU="
    },
    "joiner": {
      "version": "2.1.2",
      "resolved": "https://registry.npmjs.org/joiner/-/joiner-2.1.2.tgz",
      "integrity": "sha1-ctfDP2ZjQDdACzBvNohtjPK4J+k=",
      "requires": {
        "d3-dsv": "1.0.10",
        "d3-queue": "3.0.7",
        "dbf": "0.1.4",
        "mkdirp": "0.5.1",
        "optimist": "0.6.1",
        "shapefile": "0.6.6",
        "underscore": "1.6.0"
      }
    },
    "json-2-csv": {
      "version": "3.1.1",
      "resolved": "https://registry.npmjs.org/json-2-csv/-/json-2-csv-3.1.1.tgz",
      "integrity": "sha512-CfQF1wvyaOxidyidkvZpDmmAqtDp89Isl8OkTiYftCXqwR7qwQoTAjFwtRDmAjea2lw+bd+K6cQXOcIXj6rt3g==",
      "dev": true,
      "requires": {
        "deeks": "1.0.0",
        "doc-path": "1.3.1",
        "underscore": "1.9.1"
      },
      "dependencies": {
        "underscore": {
          "version": "1.9.1",
          "resolved": "https://registry.npmjs.org/underscore/-/underscore-1.9.1.tgz",
          "integrity": "sha512-5/4etnCkd9c8gwgowi5/om/mYO5ajCaOgdzj/oW+0eQV9WxKBDZw5+ycmKmeaTXjInS/W0BzpGLo2xR2aBwZdg==",
          "dev": true
        }
      }
    },
    "minimist": {
      "version": "0.0.8",
      "resolved": "https://registry.npmjs.org/minimist/-/minimist-0.0.8.tgz",
      "integrity": "sha1-hX/Kv8M5fSYluCKCYuhqp6ARsF0="
    },
    "mkdirp": {
      "version": "0.5.1",
      "resolved": "https://registry.npmjs.org/mkdirp/-/mkdirp-0.5.1.tgz",
      "integrity": "sha1-MAV0OOrGz3+MR2fzhkjWaX11yQM=",
      "requires": {
        "minimist": "0.0.8"
      }
    },
    "optimist": {
      "version": "0.6.1",
      "resolved": "https://registry.npmjs.org/optimist/-/optimist-0.6.1.tgz",
      "integrity": "sha1-2j6nRob6IaGaERwybpDrFaAZZoY=",
      "requires": {
        "minimist": "0.0.8",
        "wordwrap": "0.0.3"
      }
    },
    "papaparse": {
      "version": "4.6.3",
      "resolved": "https://registry.npmjs.org/papaparse/-/papaparse-4.6.3.tgz",
      "integrity": "sha512-LRq7BrHC2kHPBYSD50aKuw/B/dGcg29omyJbKWY3KsYUZU69RKwaBHu13jGmCYBtOc4odsLCrFyk6imfyNubJQ=="
    },
    "path-source": {
      "version": "0.1.3",
      "resolved": "https://registry.npmjs.org/path-source/-/path-source-0.1.3.tgz",
      "integrity": "sha512-dWRHm5mIw5kw0cs3QZLNmpUWty48f5+5v9nWD2dw3Y0Hf+s01Ag8iJEWV0Sm0kocE8kK27DrIowha03e1YR+Qw==",
      "requires": {
        "array-source": "0.0.4",
        "file-source": "0.6.1"
      }
    },
    "rw": {
      "version": "1.3.3",
      "resolved": "https://registry.npmjs.org/rw/-/rw-1.3.3.tgz",
      "integrity": "sha1-P4Yt+pGrdmsUiF700BEkv9oHT7Q="
    },
    "safer-buffer": {
      "version": "2.1.2",
      "resolved": "https://registry.npmjs.org/safer-buffer/-/safer-buffer-2.1.2.tgz",
      "integrity": "sha512-YZo3K82SD7Riyi0E1EQPojLz7kpepnSQI9IyPbHHg1XXXevb5dJI7tpyN2ADxGcQbHG7vcyRHk0cbwqcQriUtg=="
    },
    "shapefile": {
      "version": "0.6.6",
      "resolved": "https://registry.npmjs.org/shapefile/-/shapefile-0.6.6.tgz",
      "integrity": "sha512-rLGSWeK2ufzCVx05wYd+xrWnOOdSV7xNUW5/XFgx3Bc02hBkpMlrd2F1dDII7/jhWzv0MSyBFh5uJIy9hLdfuw==",
      "requires": {
        "array-source": "0.0.4",
        "commander": "2.19.0",
        "path-source": "0.1.3",
        "slice-source": "0.4.1",
        "stream-source": "0.3.5",
        "text-encoding": "0.6.4"
      }
    },
    "slice-source": {
      "version": "0.4.1",
      "resolved": "https://registry.npmjs.org/slice-source/-/slice-source-0.4.1.tgz",
      "integrity": "sha1-QKV6wDxmaLXaIA4FN44AC/KmHXk="
    },
    "stream-source": {
      "version": "0.3.5",
      "resolved": "https://registry.npmjs.org/stream-source/-/stream-source-0.3.5.tgz",
      "integrity": "sha512-ZuEDP9sgjiAwUVoDModftG0JtYiLUV8K4ljYD1VyUMRWtbVf92474o4kuuul43iZ8t/hRuiDAx1dIJSvirrK/g=="
    },
    "text-encoding": {
      "version": "0.6.4",
      "resolved": "https://registry.npmjs.org/text-encoding/-/text-encoding-0.6.4.tgz",
      "integrity": "sha1-45mpgiV6J22uQou5KEXLcb3CbRk="
    },
    "typescript": {
      "version": "3.2.4",
      "resolved": "https://registry.npmjs.org/typescript/-/typescript-3.2.4.tgz",
      "integrity": "sha512-0RNDbSdEokBeEAkgNbxJ+BLwSManFy9TeXz8uW+48j/xhEXv1ePME60olyzw2XzUqUBNAYFeJadIqAgNqIACwg==",
      "dev": true
    },
    "underscore": {
      "version": "1.6.0",
      "resolved": "https://registry.npmjs.org/underscore/-/underscore-1.6.0.tgz",
      "integrity": "sha1-izixDKze9jM3uLJOT/htRa6lKag="
    },
    "wordwrap": {
      "version": "0.0.3",
      "resolved": "https://registry.npmjs.org/wordwrap/-/wordwrap-0.0.3.tgz",
      "integrity": "sha1-o9XabNXAvAAI03I0u68b7WMFkQc="
    }
  }
}
